
Microsoft Visual Studio Solution File, Format Version 12.00
# Visual Studio Version 17
VisualStudioVersion = 17.4.33213.308
MinimumVisualStudioVersion = 10.0.40219.1
Project("{9A19103F-16F7-4668-BE54-9A1E7A4F7556}") = "DBUpMigrationPlayground", "DBUpMigrationPlayground\DBUpMigrationPlayground.csproj", "{D6A554F5-0CA0-4E55-A384-0BDAE19BC8F1}"
EndProject
Project("{9A19103F-16F7-4668-BE54-9A1E7A4F7556}") = "EFMirationPlayground", "EFMirationPlayground\EFMirationPlayground.csproj", "{14C4DC8D-18DD-4EEF-82F2-58DBF850E15A}"
EndProject
Global
	GlobalSection(SolutionConfigurationPlatforms) = preSolution
		Debug|Any CPU = Debug|Any CPU
		Release|Any CPU = Release|Any CPU
		Test|Any CPU = Test|Any CPU
	EndGlobalSection
	GlobalSection(ProjectConfigurationPlatforms) = postSolution
		{D6A554F5-0CA0-4E55-A384-0BDAE19BC8F1}.Debug|Any CPU.ActiveCfg = Debug|Any CPU
		{D6A554F5-0CA0-4E55-A384-0BDAE19BC8F1}.Debug|Any CPU.Build.0 = Debug|Any CPU
		{D6A554F5-0CA0-4E55-A384-0BDAE19BC8F1}.Release|Any CPU.ActiveCfg = Release|Any CPU
		{D6A554F5-0CA0-4E55-A384-0BDAE19BC8F1}.Release|Any CPU.Build.0 = Release|Any CPU
		{D6A554F5-0CA0-4E55-A384-0BDAE19BC8F1}.Test|Any CPU.ActiveCfg = Release|Any CPU
		{D6A554F5-0CA0-4E55-A384-0BDAE19BC8F1}.Test|Any CPU.Build.0 = Release|Any CPU
		{14C4DC8D-18DD-4EEF-82F2-58DBF850E15A}.Debug|Any CPU.ActiveCfg = Debug|Any CPU
		{14C4DC8D-18DD-4EEF-82F2-58DBF850E15A}.Debug|Any CPU.Build.0 = Debug|Any CPU
		{14C4DC8D-18DD-4EEF-82F2-58DBF850E15A}.Release|Any CPU.ActiveCfg = Release|Any CPU
		{14C4DC8D-18DD-4EEF-82F2-58DBF850E15A}.Release|Any CPU.Build.0 = Release|Any CPU
		{14C4DC8D-18DD-4EEF-82F2-58DBF850E15A}.Test|Any CPU.ActiveCfg = Test|Any CPU
		{14C4DC8D-18DD-4EEF-82F2-58DBF850E15A}.Test|Any CPU.Build.0 = Test|Any CPU
	EndGlobalSection
	GlobalSection(SolutionProperties) = preSolution
		HideSolutionNode = FALSE
	EndGlobalSection
	GlobalSection(ExtensibilityGlobals) = postSolution
		SolutionGuid = {2BEA8552-D8B6-475D-B744-44488283E2A9}
	EndGlobalSection
EndGlobal
